
Microsoft Visual Studio Solution File, Format Version 12.00
# Visual Studio 15
VisualStudioVersion = 15.0.28307.779
MinimumVisualStudioVersion = 10.0.40219.1
Project("{FAE04EC0-301F-11D3-BF4B-00C04F79EFBC}") = "Interview_App", "Interview_App\Interview_App.csproj", "{239E4C9B-676C-433E-B9B6-66A8404A0DF1}"
EndProject
Global
	GlobalSection(SolutionConfigurationPlatforms) = preSolution
		Debug|Any CPU = Debug|Any CPU
		Release|Any CPU = Release|Any CPU
	EndGlobalSection
	GlobalSection(ProjectConfigurationPlatforms) = postSolution
		{239E4C9B-676C-433E-B9B6-66A8404A0DF1}.Debug|Any CPU.ActiveCfg = Debug|Any CPU
		{239E4C9B-676C-433E-B9B6-66A8404A0DF1}.Debug|Any CPU.Build.0 = Debug|Any CPU
		{239E4C9B-676C-433E-B9B6-66A8404A0DF1}.Release|Any CPU.ActiveCfg = Release|Any CPU
		{239E4C9B-676C-433E-B9B6-66A8404A0DF1}.Release|Any CPU.Build.0 = Release|Any CPU
	EndGlobalSection
	GlobalSection(SolutionProperties) = preSolution
		HideSolutionNode = FALSE
	EndGlobalSection
	GlobalSection(ExtensibilityGlobals) = postSolution
		SolutionGuid = {35F16B39-B88D-4385-AA7A-D56B71136C5C}
	EndGlobalSection
EndGlobal
